// !$*UTF8*$!
{
	archiveVersion = 1;
	classes = {
	};
	objectVersion = 52;
	objects = {

/* Begin PBXBuildFile section */
		CF0F567327EF5AFF00749AFA /* AppDelegate.swift in Sources */ = {isa = PBXBuildFile; fileRef = CF0F567227EF5AFF00749AFA /* AppDelegate.swift */; };
		CF0F567527EF5AFF00749AFA /* SceneDelegate.swift in Sources */ = {isa = PBXBuildFile; fileRef = CF0F567427EF5AFF00749AFA /* SceneDelegate.swift */; };
		CF0F567A27EF5AFF00749AFA /* Main.storyboard in Resources */ = {isa = PBXBuildFile; fileRef = CF0F567827EF5AFF00749AFA /* Main.storyboard */; };
		CF0F567C27EF5B0000749AFA /* Assets.xcassets in Resources */ = {isa = PBXBuildFile; fileRef = CF0F567B27EF5B0000749AFA /* Assets.xcassets */; };
		CF0F567F27EF5B0000749AFA /* LaunchScreen.storyboard in Resources */ = {isa = PBXBuildFile; fileRef = CF0F567D27EF5B0000749AFA /* LaunchScreen.storyboard */; };
		CF0F568A27EF5B0000749AFA /* BarakaStockMarketTests.swift in Sources */ = {isa = PBXBuildFile; fileRef = CF0F568927EF5B0000749AFA /* BarakaStockMarketTests.swift */; };
		CF0F569527EF5B0000749AFA /* BarakaStockMarketUITests.swift in Sources */ = {isa = PBXBuildFile; fileRef = CF0F569427EF5B0000749AFA /* BarakaStockMarketUITests.swift */; };
		CF0F56A627EF63DA00749AFA /* Constants.swift in Sources */ = {isa = PBXBuildFile; fileRef = CF0F56A527EF63DA00749AFA /* Constants.swift */; };
		CF0F56AB27EF656600749AFA /* BaseModel.swift in Sources */ = {isa = PBXBuildFile; fileRef = CF0F56AA27EF656600749AFA /* BaseModel.swift */; };
		CF0F56AD27EF657300749AFA /* BaseViewModel.swift in Sources */ = {isa = PBXBuildFile; fileRef = CF0F56AC27EF657300749AFA /* BaseViewModel.swift */; };
		CF0F56AF27EF659100749AFA /* BaseViewController.swift in Sources */ = {isa = PBXBuildFile; fileRef = CF0F56AE27EF659100749AFA /* BaseViewController.swift */; };
		CF0F56B227EF665B00749AFA /* RxRelay in Frameworks */ = {isa = PBXBuildFile; productRef = CF0F56B127EF665B00749AFA /* RxRelay */; };
		CF0F56B427EF665B00749AFA /* RxCocoa in Frameworks */ = {isa = PBXBuildFile; productRef = CF0F56B327EF665B00749AFA /* RxCocoa */; };
		CF0F56B627EF665B00749AFA /* RxSwift in Frameworks */ = {isa = PBXBuildFile; productRef = CF0F56B527EF665B00749AFA /* RxSwift */; };
		CF0F56B827EF672900749AFA /* Storyboarded.swift in Sources */ = {isa = PBXBuildFile; fileRef = CF0F56B727EF672900749AFA /* Storyboarded.swift */; };
		CF655E2F27EF6C020010D854 /* NewsFeedViewController.swift in Sources */ = {isa = PBXBuildFile; fileRef = CF655E2D27EF6C020010D854 /* NewsFeedViewController.swift */; };
		CF655E3227EF71740010D854 /* NewsFeedViewController.xib in Resources */ = {isa = PBXBuildFile; fileRef = CF655E3127EF71740010D854 /* NewsFeedViewController.xib */; };
		CF655E3427EF72F90010D854 /* StockTicker.swift in Sources */ = {isa = PBXBuildFile; fileRef = CF655E3327EF72F90010D854 /* StockTicker.swift */; };
		CF655E3627EF73080010D854 /* NewsFeed.swift in Sources */ = {isa = PBXBuildFile; fileRef = CF655E3527EF73080010D854 /* NewsFeed.swift */; };
		CF655E3A27EF7BFD0010D854 /* StockTickerCell.swift in Sources */ = {isa = PBXBuildFile; fileRef = CF655E3827EF7BFD0010D854 /* StockTickerCell.swift */; };
		CF655E3B27EF7BFD0010D854 /* StockTickerCell.xib in Resources */ = {isa = PBXBuildFile; fileRef = CF655E3927EF7BFD0010D854 /* StockTickerCell.xib */; };
		CF655E4227EF82080010D854 /* UIViewExtensions.swift in Sources */ = {isa = PBXBuildFile; fileRef = CF655E4127EF82080010D854 /* UIViewExtensions.swift */; };
		CF655E4927EF93CB0010D854 /* NewsFeedCell.swift in Sources */ = {isa = PBXBuildFile; fileRef = CF655E4727EF93CB0010D854 /* NewsFeedCell.swift */; };
		CF655E4A27EF93CB0010D854 /* NewsFeedCell.xib in Resources */ = {isa = PBXBuildFile; fileRef = CF655E4827EF93CB0010D854 /* NewsFeedCell.xib */; };
		CF655E4D27EFA0F30010D854 /* Repository.swift in Sources */ = {isa = PBXBuildFile; fileRef = CF655E4C27EFA0F30010D854 /* Repository.swift */; };
		CF655E4F27EFA1B10010D854 /* DataMapper.swift in Sources */ = {isa = PBXBuildFile; fileRef = CF655E4E27EFA1B10010D854 /* DataMapper.swift */; };
		CF655E5227EFA5610010D854 /* Network.swift in Sources */ = {isa = PBXBuildFile; fileRef = CF655E5127EFA5610010D854 /* Network.swift */; };
		CF655E5427EFA5820010D854 /* Injection.swift in Sources */ = {isa = PBXBuildFile; fileRef = CF655E5327EFA5820010D854 /* Injection.swift */; };
		CFDBE88F27EFA5D900FC01E8 /* Swinject in Frameworks */ = {isa = PBXBuildFile; productRef = CFDBE88E27EFA5D900FC01E8 /* Swinject */; };
		CFDBE89127EFA77F00FC01E8 /* FeedsViewModel.swift in Sources */ = {isa = PBXBuildFile; fileRef = CFDBE89027EFA77F00FC01E8 /* FeedsViewModel.swift */; };
		CFDBE89427EFAA1500FC01E8 /* Alamofire in Frameworks */ = {isa = PBXBuildFile; productRef = CFDBE89327EFAA1500FC01E8 /* Alamofire */; };
		CFDBE89F27F0DDFC00FC01E8 /* HomeFeedItem.swift in Sources */ = {isa = PBXBuildFile; fileRef = CFDBE89E27F0DDFC00FC01E8 /* HomeFeedItem.swift */; };
		CFDBE8A227F1113700FC01E8 /* SwiftCSV in Frameworks */ = {isa = PBXBuildFile; productRef = CFDBE8A127F1113700FC01E8 /* SwiftCSV */; };
		CFDBE8AA27F22FFD00FC01E8 /* RxDataSources in Frameworks */ = {isa = PBXBuildFile; productRef = CFDBE8A927F22FFD00FC01E8 /* RxDataSources */; };
		CFDBE8AC27F22FFD00FC01E8 /* Differentiator in Frameworks */ = {isa = PBXBuildFile; productRef = CFDBE8AB27F22FFD00FC01E8 /* Differentiator */; };
		CFDBE8AF27F244E900FC01E8 /* Kingfisher in Frameworks */ = {isa = PBXBuildFile; productRef = CFDBE8AE27F244E900FC01E8 /* Kingfisher */; };
		CFDBE8B127F2481800FC01E8 /* DoubleExtensions.swift in Sources */ = {isa = PBXBuildFile; fileRef = CFDBE8B027F2481800FC01E8 /* DoubleExtensions.swift */; };
		CFDBE8B327F256D600FC01E8 /* NewsFeedViewController+DataSource.swift in Sources */ = {isa = PBXBuildFile; fileRef = CFDBE8B227F256D600FC01E8 /* NewsFeedViewController+DataSource.swift */; };
		CFDBE8B527F256FF00FC01E8 /* NewsFeedViewController+Layout.swift in Sources */ = {isa = PBXBuildFile; fileRef = CFDBE8B427F256FF00FC01E8 /* NewsFeedViewController+Layout.swift */; };
		CFDBE8B827F27B9000FC01E8 /* MainArticleCell.swift in Sources */ = {isa = PBXBuildFile; fileRef = CFDBE8B627F27B9000FC01E8 /* MainArticleCell.swift */; };
		CFDBE8B927F27B9000FC01E8 /* MainArticleCell.xib in Resources */ = {isa = PBXBuildFile; fileRef = CFDBE8B727F27B9000FC01E8 /* MainArticleCell.xib */; };
/* End PBXBuildFile section */

/* Begin PBXContainerItemProxy section */
		CF0F568627EF5B0000749AFA /* PBXContainerItemProxy */ = {
			isa = PBXContainerItemProxy;
			containerPortal = CF0F566727EF5AFF00749AFA /* Project object */;
			proxyType = 1;
			remoteGlobalIDString = CF0F566E27EF5AFF00749AFA;
			remoteInfo = BarakaStockMarket;
		};
		CF0F569127EF5B0000749AFA /* PBXContainerItemProxy */ = {
			isa = PBXContainerItemProxy;
			containerPortal = CF0F566727EF5AFF00749AFA /* Project object */;
			proxyType = 1;
			remoteGlobalIDString = CF0F566E27EF5AFF00749AFA;
			remoteInfo = BarakaStockMarket;
		};
/* End PBXContainerItemProxy section */

/* Begin PBXFileReference section */
		CF0F566F27EF5AFF00749AFA /* BarakaStockMarket.app */ = {isa = PBXFileReference; explicitFileType = wrapper.application; includeInIndex = 0; path = BarakaStockMarket.app; sourceTree = BUILT_PRODUCTS_DIR; };
		CF0F567227EF5AFF00749AFA /* AppDelegate.swift */ = {isa = PBXFileReference; lastKnownFileType = sourcecode.swift; path = AppDelegate.swift; sourceTree = "<group>"; };
		CF0F567427EF5AFF00749AFA /* SceneDelegate.swift */ = {isa = PBXFileReference; lastKnownFileType = sourcecode.swift; path = SceneDelegate.swift; sourceTree = "<group>"; };
		CF0F567927EF5AFF00749AFA /* Base */ = {isa = PBXFileReference; lastKnownFileType = file.storyboard; name = Base; path = Base.lproj/Main.storyboard; sourceTree = "<group>"; };
		CF0F567B27EF5B0000749AFA /* Assets.xcassets */ = {isa = PBXFileReference; lastKnownFileType = folder.assetcatalog; path = Assets.xcassets; sourceTree = "<group>"; };
		CF0F567E27EF5B0000749AFA /* Base */ = {isa = PBXFileReference; lastKnownFileType = file.storyboard; name = Base; path = Base.lproj/LaunchScreen.storyboard; sourceTree = "<group>"; };
		CF0F568027EF5B0000749AFA /* Info.plist */ = {isa = PBXFileReference; lastKnownFileType = text.plist.xml; path = Info.plist; sourceTree = "<group>"; };
		CF0F568527EF5B0000749AFA /* BarakaStockMarketTests.xctest */ = {isa = PBXFileReference; explicitFileType = wrapper.cfbundle; includeInIndex = 0; path = BarakaStockMarketTests.xctest; sourceTree = BUILT_PRODUCTS_DIR; };
		CF0F568927EF5B0000749AFA /* BarakaStockMarketTests.swift */ = {isa = PBXFileReference; lastKnownFileType = sourcecode.swift; path = BarakaStockMarketTests.swift; sourceTree = "<group>"; };
		CF0F568B27EF5B0000749AFA /* Info.plist */ = {isa = PBXFileReference; lastKnownFileType = text.plist.xml; path = Info.plist; sourceTree = "<group>"; };
		CF0F569027EF5B0000749AFA /* BarakaStockMarketUITests.xctest */ = {isa = PBXFileReference; explicitFileType = wrapper.cfbundle; includeInIndex = 0; path = BarakaStockMarketUITests.xctest; sourceTree = BUILT_PRODUCTS_DIR; };
		CF0F569427EF5B0000749AFA /* BarakaStockMarketUITests.swift */ = {isa = PBXFileReference; lastKnownFileType = sourcecode.swift; path = BarakaStockMarketUITests.swift; sourceTree = "<group>"; };
		CF0F569627EF5B0000749AFA /* Info.plist */ = {isa = PBXFileReference; lastKnownFileType = text.plist.xml; path = Info.plist; sourceTree = "<group>"; };
		CF0F56A527EF63DA00749AFA /* Constants.swift */ = {isa = PBXFileReference; lastKnownFileType = sourcecode.swift; path = Constants.swift; sourceTree = "<group>"; };
		CF0F56AA27EF656600749AFA /* BaseModel.swift */ = {isa = PBXFileReference; lastKnownFileType = sourcecode.swift; path = BaseModel.swift; sourceTree = "<group>"; };
		CF0F56AC27EF657300749AFA /* BaseViewModel.swift */ = {isa = PBXFileReference; lastKnownFileType = sourcecode.swift; path = BaseViewModel.swift; sourceTree = "<group>"; };
		CF0F56AE27EF659100749AFA /* BaseViewController.swift */ = {isa = PBXFileReference; lastKnownFileType = sourcecode.swift; path = BaseViewController.swift; sourceTree = "<group>"; };
		CF0F56B727EF672900749AFA /* Storyboarded.swift */ = {isa = PBXFileReference; lastKnownFileType = sourcecode.swift; path = Storyboarded.swift; sourceTree = "<group>"; };
		CF655E2D27EF6C020010D854 /* NewsFeedViewController.swift */ = {isa = PBXFileReference; lastKnownFileType = sourcecode.swift; path = NewsFeedViewController.swift; sourceTree = "<group>"; };
		CF655E3127EF71740010D854 /* NewsFeedViewController.xib */ = {isa = PBXFileReference; lastKnownFileType = file.xib; path = NewsFeedViewController.xib; sourceTree = "<group>"; };
		CF655E3327EF72F90010D854 /* StockTicker.swift */ = {isa = PBXFileReference; lastKnownFileType = sourcecode.swift; path = StockTicker.swift; sourceTree = "<group>"; };
		CF655E3527EF73080010D854 /* NewsFeed.swift */ = {isa = PBXFileReference; lastKnownFileType = sourcecode.swift; path = NewsFeed.swift; sourceTree = "<group>"; };
		CF655E3827EF7BFD0010D854 /* StockTickerCell.swift */ = {isa = PBXFileReference; lastKnownFileType = sourcecode.swift; path = StockTickerCell.swift; sourceTree = "<group>"; };
		CF655E3927EF7BFD0010D854 /* StockTickerCell.xib */ = {isa = PBXFileReference; lastKnownFileType = file.xib; path = StockTickerCell.xib; sourceTree = "<group>"; };
		CF655E4127EF82080010D854 /* UIViewExtensions.swift */ = {isa = PBXFileReference; lastKnownFileType = sourcecode.swift; path = UIViewExtensions.swift; sourceTree = "<group>"; };
		CF655E4727EF93CB0010D854 /* NewsFeedCell.swift */ = {isa = PBXFileReference; lastKnownFileType = sourcecode.swift; path = NewsFeedCell.swift; sourceTree = "<group>"; };
		CF655E4827EF93CB0010D854 /* NewsFeedCell.xib */ = {isa = PBXFileReference; lastKnownFileType = file.xib; path = NewsFeedCell.xib; sourceTree = "<group>"; };
		CF655E4C27EFA0F30010D854 /* Repository.swift */ = {isa = PBXFileReference; lastKnownFileType = sourcecode.swift; path = Repository.swift; sourceTree = "<group>"; };
		CF655E4E27EFA1B10010D854 /* DataMapper.swift */ = {isa = PBXFileReference; lastKnownFileType = sourcecode.swift; path = DataMapper.swift; sourceTree = "<group>"; };
		CF655E5127EFA5610010D854 /* Network.swift */ = {isa = PBXFileReference; lastKnownFileType = sourcecode.swift; path = Network.swift; sourceTree = "<group>"; };
		CF655E5327EFA5820010D854 /* Injection.swift */ = {isa = PBXFileReference; lastKnownFileType = sourcecode.swift; path = Injection.swift; sourceTree = "<group>"; };
		CFDBE89027EFA77F00FC01E8 /* FeedsViewModel.swift */ = {isa = PBXFileReference; lastKnownFileType = sourcecode.swift; path = FeedsViewModel.swift; sourceTree = "<group>"; };
		CFDBE89E27F0DDFC00FC01E8 /* HomeFeedItem.swift */ = {isa = PBXFileReference; lastKnownFileType = sourcecode.swift; path = HomeFeedItem.swift; sourceTree = "<group>"; };
		CFDBE8B027F2481800FC01E8 /* DoubleExtensions.swift */ = {isa = PBXFileReference; lastKnownFileType = sourcecode.swift; path = DoubleExtensions.swift; sourceTree = "<group>"; };
		CFDBE8B227F256D600FC01E8 /* NewsFeedViewController+DataSource.swift */ = {isa = PBXFileReference; lastKnownFileType = sourcecode.swift; path = "NewsFeedViewController+DataSource.swift"; sourceTree = "<group>"; };
		CFDBE8B427F256FF00FC01E8 /* NewsFeedViewController+Layout.swift */ = {isa = PBXFileReference; lastKnownFileType = sourcecode.swift; path = "NewsFeedViewController+Layout.swift"; sourceTree = "<group>"; };
		CFDBE8B627F27B9000FC01E8 /* MainArticleCell.swift */ = {isa = PBXFileReference; lastKnownFileType = sourcecode.swift; path = MainArticleCell.swift; sourceTree = "<group>"; };
		CFDBE8B727F27B9000FC01E8 /* MainArticleCell.xib */ = {isa = PBXFileReference; lastKnownFileType = file.xib; path = MainArticleCell.xib; sourceTree = "<group>"; };
/* End PBXFileReference section */

/* Begin PBXFrameworksBuildPhase section */
		CF0F566C27EF5AFF00749AFA /* Frameworks */ = {
			isa = PBXFrameworksBuildPhase;
			buildActionMask = 2147483647;
			files = (
				CFDBE89427EFAA1500FC01E8 /* Alamofire in Frameworks */,
				CF0F56B627EF665B00749AFA /* RxSwift in Frameworks */,
				CF0F56B427EF665B00749AFA /* RxCocoa in Frameworks */,
				CFDBE8AF27F244E900FC01E8 /* Kingfisher in Frameworks */,
				CFDBE8A227F1113700FC01E8 /* SwiftCSV in Frameworks */,
				CFDBE8AC27F22FFD00FC01E8 /* Differentiator in Frameworks */,
				CFDBE8AA27F22FFD00FC01E8 /* RxDataSources in Frameworks */,
				CF0F56B227EF665B00749AFA /* RxRelay in Frameworks */,
				CFDBE88F27EFA5D900FC01E8 /* Swinject in Frameworks */,
			);
			runOnlyForDeploymentPostprocessing = 0;
		};
		CF0F568227EF5B0000749AFA /* Frameworks */ = {
			isa = PBXFrameworksBuildPhase;
			buildActionMask = 2147483647;
			files = (
			);
			runOnlyForDeploymentPostprocessing = 0;
		};
		CF0F568D27EF5B0000749AFA /* Frameworks */ = {
			isa = PBXFrameworksBuildPhase;
			buildActionMask = 2147483647;
			files = (
			);
			runOnlyForDeploymentPostprocessing = 0;
		};
/* End PBXFrameworksBuildPhase section */

/* Begin PBXGroup section */
		CF0F566627EF5AFF00749AFA = {
			isa = PBXGroup;
			children = (
				CF0F567127EF5AFF00749AFA /* BarakaStockMarket */,
				CF0F568827EF5B0000749AFA /* BarakaStockMarketTests */,
				CF0F569327EF5B0000749AFA /* BarakaStockMarketUITests */,
				CF0F567027EF5AFF00749AFA /* Products */,
			);
			sourceTree = "<group>";
		};
		CF0F567027EF5AFF00749AFA /* Products */ = {
			isa = PBXGroup;
			children = (
				CF0F566F27EF5AFF00749AFA /* BarakaStockMarket.app */,
				CF0F568527EF5B0000749AFA /* BarakaStockMarketTests.xctest */,
				CF0F569027EF5B0000749AFA /* BarakaStockMarketUITests.xctest */,
			);
			name = Products;
			sourceTree = "<group>";
		};
		CF0F567127EF5AFF00749AFA /* BarakaStockMarket */ = {
			isa = PBXGroup;
			children = (
				CF655E5027EFA5520010D854 /* Networking */,
				CF655E4B27EFA0E30010D854 /* Data */,
				CF655E3C27EF7DA90010D854 /* Extenstions */,
				CF0F56A727EF63E800749AFA /* Modules */,
				CF0F56A427EF63BF00749AFA /* Utilities */,
				CF0F56A327EF634300749AFA /* Delegates */,
				CF0F567B27EF5B0000749AFA /* Assets.xcassets */,
				CF0F567827EF5AFF00749AFA /* Main.storyboard */,
				CF0F567D27EF5B0000749AFA /* LaunchScreen.storyboard */,
				CF0F568027EF5B0000749AFA /* Info.plist */,
			);
			path = BarakaStockMarket;
			sourceTree = "<group>";
		};
		CF0F568827EF5B0000749AFA /* BarakaStockMarketTests */ = {
			isa = PBXGroup;
			children = (
				CF0F568927EF5B0000749AFA /* BarakaStockMarketTests.swift */,
				CF0F568B27EF5B0000749AFA /* Info.plist */,
			);
			path = BarakaStockMarketTests;
			sourceTree = "<group>";
		};
		CF0F569327EF5B0000749AFA /* BarakaStockMarketUITests */ = {
			isa = PBXGroup;
			children = (
				CF0F569427EF5B0000749AFA /* BarakaStockMarketUITests.swift */,
				CF0F569627EF5B0000749AFA /* Info.plist */,
			);
			path = BarakaStockMarketUITests;
			sourceTree = "<group>";
		};
		CF0F56A327EF634300749AFA /* Delegates */ = {
			isa = PBXGroup;
			children = (
				CF0F567227EF5AFF00749AFA /* AppDelegate.swift */,
				CF0F567427EF5AFF00749AFA /* SceneDelegate.swift */,
			);
			path = Delegates;
			sourceTree = "<group>";
		};
		CF0F56A427EF63BF00749AFA /* Utilities */ = {
			isa = PBXGroup;
			children = (
				CF0F56A527EF63DA00749AFA /* Constants.swift */,
				CF655E5327EFA5820010D854 /* Injection.swift */,
			);
			path = Utilities;
			sourceTree = "<group>";
		};
		CF0F56A727EF63E800749AFA /* Modules */ = {
			isa = PBXGroup;
			children = (
				CF0F56A827EF64AF00749AFA /* Base */,
				CF0F56A927EF64B600749AFA /* News Feed */,
			);
			path = Modules;
			sourceTree = "<group>";
		};
		CF0F56A827EF64AF00749AFA /* Base */ = {
			isa = PBXGroup;
			children = (
				CF0F56AA27EF656600749AFA /* BaseModel.swift */,
				CF0F56AC27EF657300749AFA /* BaseViewModel.swift */,
				CF0F56AE27EF659100749AFA /* BaseViewController.swift */,
				CF0F56B727EF672900749AFA /* Storyboarded.swift */,
			);
			path = Base;
			sourceTree = "<group>";
		};
		CF0F56A927EF64B600749AFA /* News Feed */ = {
			isa = PBXGroup;
			children = (
				CF655E2C27EF6B5F0010D854 /* Views */,
				CF655E2B27EF6B540010D854 /* Models */,
				CF655E2A27EF6B3D0010D854 /* ViewModel */,
			);
			path = "News Feed";
			sourceTree = "<group>";
		};
		CF655E2A27EF6B3D0010D854 /* ViewModel */ = {
			isa = PBXGroup;
			children = (
				CFDBE89027EFA77F00FC01E8 /* FeedsViewModel.swift */,
			);
			path = ViewModel;
			sourceTree = "<group>";
		};
		CF655E2B27EF6B540010D854 /* Models */ = {
			isa = PBXGroup;
			children = (
				CF655E3327EF72F90010D854 /* StockTicker.swift */,
				CF655E3527EF73080010D854 /* NewsFeed.swift */,
				CFDBE89E27F0DDFC00FC01E8 /* HomeFeedItem.swift */,
			);
			path = Models;
			sourceTree = "<group>";
		};
		CF655E2C27EF6B5F0010D854 /* Views */ = {
			isa = PBXGroup;
			children = (
				CF655E3727EF7BDE0010D854 /* Cells */,
				CF655E2D27EF6C020010D854 /* NewsFeedViewController.swift */,
				CF655E3127EF71740010D854 /* NewsFeedViewController.xib */,
				CFDBE8B227F256D600FC01E8 /* NewsFeedViewController+DataSource.swift */,
				CFDBE8B427F256FF00FC01E8 /* NewsFeedViewController+Layout.swift */,
			);
			path = Views;
			sourceTree = "<group>";
		};
		CF655E3727EF7BDE0010D854 /* Cells */ = {
			isa = PBXGroup;
			children = (
				CF655E3827EF7BFD0010D854 /* StockTickerCell.swift */,
				CF655E3927EF7BFD0010D854 /* StockTickerCell.xib */,
				CF655E4727EF93CB0010D854 /* NewsFeedCell.swift */,
				CF655E4827EF93CB0010D854 /* NewsFeedCell.xib */,
				CFDBE8B627F27B9000FC01E8 /* MainArticleCell.swift */,
				CFDBE8B727F27B9000FC01E8 /* MainArticleCell.xib */,
			);
			path = Cells;
			sourceTree = "<group>";
		};
		CF655E3C27EF7DA90010D854 /* Extenstions */ = {
			isa = PBXGroup;
			children = (
				CF655E4127EF82080010D854 /* UIViewExtensions.swift */,
				CFDBE8B027F2481800FC01E8 /* DoubleExtensions.swift */,
			);
			path = Extenstions;
			sourceTree = "<group>";
		};
		CF655E4B27EFA0E30010D854 /* Data */ = {
			isa = PBXGroup;
			children = (
				CF655E4C27EFA0F30010D854 /* Repository.swift */,
				CF655E4E27EFA1B10010D854 /* DataMapper.swift */,
			);
			path = Data;
			sourceTree = "<group>";
		};
		CF655E5027EFA5520010D854 /* Networking */ = {
			isa = PBXGroup;
			children = (
				CF655E5127EFA5610010D854 /* Network.swift */,
			);
			path = Networking;
			sourceTree = "<group>";
		};
/* End PBXGroup section */

/* Begin PBXNativeTarget section */
		CF0F566E27EF5AFF00749AFA /* BarakaStockMarket */ = {
			isa = PBXNativeTarget;
			buildConfigurationList = CF0F569927EF5B0000749AFA /* Build configuration list for PBXNativeTarget "BarakaStockMarket" */;
			buildPhases = (
				CF0F566B27EF5AFF00749AFA /* Sources */,
				CF0F566C27EF5AFF00749AFA /* Frameworks */,
				CF0F566D27EF5AFF00749AFA /* Resources */,
			);
			buildRules = (
			);
			dependencies = (
			);
			name = BarakaStockMarket;
			packageProductDependencies = (
				CF0F56B127EF665B00749AFA /* RxRelay */,
				CF0F56B327EF665B00749AFA /* RxCocoa */,
				CF0F56B527EF665B00749AFA /* RxSwift */,
				CFDBE88E27EFA5D900FC01E8 /* Swinject */,
				CFDBE89327EFAA1500FC01E8 /* Alamofire */,
				CFDBE8A127F1113700FC01E8 /* SwiftCSV */,
				CFDBE8A927F22FFD00FC01E8 /* RxDataSources */,
				CFDBE8AB27F22FFD00FC01E8 /* Differentiator */,
				CFDBE8AE27F244E900FC01E8 /* Kingfisher */,
			);
			productName = BarakaStockMarket;
			productReference = CF0F566F27EF5AFF00749AFA /* BarakaStockMarket.app */;
			productType = "com.apple.product-type.application";
		};
		CF0F568427EF5B0000749AFA /* BarakaStockMarketTests */ = {
			isa = PBXNativeTarget;
			buildConfigurationList = CF0F569C27EF5B0000749AFA /* Build configuration list for PBXNativeTarget "BarakaStockMarketTests" */;
			buildPhases = (
				CF0F568127EF5B0000749AFA /* Sources */,
				CF0F568227EF5B0000749AFA /* Frameworks */,
				CF0F568327EF5B0000749AFA /* Resources */,
			);
			buildRules = (
			);
			dependencies = (
				CF0F568727EF5B0000749AFA /* PBXTargetDependency */,
			);
			name = BarakaStockMarketTests;
			productName = BarakaStockMarketTests;
			productReference = CF0F568527EF5B0000749AFA /* BarakaStockMarketTests.xctest */;
			productType = "com.apple.product-type.bundle.unit-test";
		};
		CF0F568F27EF5B0000749AFA /* BarakaStockMarketUITests */ = {
			isa = PBXNativeTarget;
			buildConfigurationList = CF0F569F27EF5B0000749AFA /* Build configuration list for PBXNativeTarget "BarakaStockMarketUITests" */;
			buildPhases = (
				CF0F568C27EF5B0000749AFA /* Sources */,
				CF0F568D27EF5B0000749AFA /* Frameworks */,
				CF0F568E27EF5B0000749AFA /* Resources */,
			);
			buildRules = (
			);
			dependencies = (
				CF0F569227EF5B0000749AFA /* PBXTargetDependency */,
			);
			name = BarakaStockMarketUITests;
			productName = BarakaStockMarketUITests;
			productReference = CF0F569027EF5B0000749AFA /* BarakaStockMarketUITests.xctest */;
			productType = "com.apple.product-type.bundle.ui-testing";
		};
/* End PBXNativeTarget section */

/* Begin PBXProject section */
		CF0F566727EF5AFF00749AFA /* Project object */ = {
			isa = PBXProject;
			attributes = {
				LastSwiftUpdateCheck = 1250;
				LastUpgradeCheck = 1250;
				TargetAttributes = {
					CF0F566E27EF5AFF00749AFA = {
						CreatedOnToolsVersion = 12.5;
					};
					CF0F568427EF5B0000749AFA = {
						CreatedOnToolsVersion = 12.5;
						TestTargetID = CF0F566E27EF5AFF00749AFA;
					};
					CF0F568F27EF5B0000749AFA = {
						CreatedOnToolsVersion = 12.5;
						TestTargetID = CF0F566E27EF5AFF00749AFA;
					};
				};
			};
			buildConfigurationList = CF0F566A27EF5AFF00749AFA /* Build configuration list for PBXProject "BarakaStockMarket" */;
			compatibilityVersion = "Xcode 9.3";
			developmentRegion = en;
			hasScannedForEncodings = 0;
			knownRegions = (
				en,
				Base,
			);
			mainGroup = CF0F566627EF5AFF00749AFA;
			packageReferences = (
				CF0F56B027EF665B00749AFA /* XCRemoteSwiftPackageReference "RxSwift" */,
				CFDBE88D27EFA5D900FC01E8 /* XCRemoteSwiftPackageReference "Swinject" */,
				CFDBE89227EFAA1500FC01E8 /* XCRemoteSwiftPackageReference "Alamofire" */,
				CFDBE8A027F1113700FC01E8 /* XCRemoteSwiftPackageReference "SwiftCSV" */,
				CFDBE8A827F22FFD00FC01E8 /* XCRemoteSwiftPackageReference "RxDataSources" */,
				CFDBE8AD27F244E900FC01E8 /* XCRemoteSwiftPackageReference "Kingfisher" */,
			);
			productRefGroup = CF0F567027EF5AFF00749AFA /* Products */;
			projectDirPath = "";
			projectRoot = "";
			targets = (
				CF0F566E27EF5AFF00749AFA /* BarakaStockMarket */,
				CF0F568427EF5B0000749AFA /* BarakaStockMarketTests */,
				CF0F568F27EF5B0000749AFA /* BarakaStockMarketUITests */,
			);
		};
/* End PBXProject section */

/* Begin PBXResourcesBuildPhase section */
		CF0F566D27EF5AFF00749AFA /* Resources */ = {
			isa = PBXResourcesBuildPhase;
			buildActionMask = 2147483647;
			files = (
				CF655E3227EF71740010D854 /* NewsFeedViewController.xib in Resources */,
				CFDBE8B927F27B9000FC01E8 /* MainArticleCell.xib in Resources */,
				CF0F567F27EF5B0000749AFA /* LaunchScreen.storyboard in Resources */,
				CF655E4A27EF93CB0010D854 /* NewsFeedCell.xib in Resources */,
				CF0F567C27EF5B0000749AFA /* Assets.xcassets in Resources */,
				CF655E3B27EF7BFD0010D854 /* StockTickerCell.xib in Resources */,
				CF0F567A27EF5AFF00749AFA /* Main.storyboard in Resources */,
			);
			runOnlyForDeploymentPostprocessing = 0;
		};
		CF0F568327EF5B0000749AFA /* Resources */ = {
			isa = PBXResourcesBuildPhase;
			buildActionMask = 2147483647;
			files = (
			);
			runOnlyForDeploymentPostprocessing = 0;
		};
		CF0F568E27EF5B0000749AFA /* Resources */ = {
			isa = PBXResourcesBuildPhase;
			buildActionMask = 2147483647;
			files = (
			);
			runOnlyForDeploymentPostprocessing = 0;
		};
/* End PBXResourcesBuildPhase section */

/* Begin PBXSourcesBuildPhase section */
		CF0F566B27EF5AFF00749AFA /* Sources */ = {
			isa = PBXSourcesBuildPhase;
			buildActionMask = 2147483647;
			files = (
				CF0F567327EF5AFF00749AFA /* AppDelegate.swift in Sources */,
				CF655E3427EF72F90010D854 /* StockTicker.swift in Sources */,
				CF655E2F27EF6C020010D854 /* NewsFeedViewController.swift in Sources */,
				CFDBE8B827F27B9000FC01E8 /* MainArticleCell.swift in Sources */,
				CFDBE8B127F2481800FC01E8 /* DoubleExtensions.swift in Sources */,
				CF0F567527EF5AFF00749AFA /* SceneDelegate.swift in Sources */,
				CFDBE89F27F0DDFC00FC01E8 /* HomeFeedItem.swift in Sources */,
				CF0F56A627EF63DA00749AFA /* Constants.swift in Sources */,
				CF655E4927EF93CB0010D854 /* NewsFeedCell.swift in Sources */,
				CF0F56AB27EF656600749AFA /* BaseModel.swift in Sources */,
				CFDBE8B327F256D600FC01E8 /* NewsFeedViewController+DataSource.swift in Sources */,
				CF0F56AF27EF659100749AFA /* BaseViewController.swift in Sources */,
				CFDBE8B527F256FF00FC01E8 /* NewsFeedViewController+Layout.swift in Sources */,
				CF655E4227EF82080010D854 /* UIViewExtensions.swift in Sources */,
				CF0F56AD27EF657300749AFA /* BaseViewModel.swift in Sources */,
				CF655E4D27EFA0F30010D854 /* Repository.swift in Sources */,
				CF655E3627EF73080010D854 /* NewsFeed.swift in Sources */,
				CF655E3A27EF7BFD0010D854 /* StockTickerCell.swift in Sources */,
				CF655E5227EFA5610010D854 /* Network.swift in Sources */,
				CF0F56B827EF672900749AFA /* Storyboarded.swift in Sources */,
				CF655E4F27EFA1B10010D854 /* DataMapper.swift in Sources */,
				CFDBE89127EFA77F00FC01E8 /* FeedsViewModel.swift in Sources */,
				CF655E5427EFA5820010D854 /* Injection.swift in Sources */,
			);
			runOnlyForDeploymentPostprocessing = 0;
		};
		CF0F568127EF5B0000749AFA /* Sources */ = {
			isa = PBXSourcesBuildPhase;
			buildActionMask = 2147483647;
			files = (
				CF0F568A27EF5B0000749AFA /* BarakaStockMarketTests.swift in Sources */,
			);
			runOnlyForDeploymentPostprocessing = 0;
		};
		CF0F568C27EF5B0000749AFA /* Sources */ = {
			isa = PBXSourcesBuildPhase;
			buildActionMask = 2147483647;
			files = (
				CF0F569527EF5B0000749AFA /* BarakaStockMarketUITests.swift in Sources */,
			);
			runOnlyForDeploymentPostprocessing = 0;
		};
/* End PBXSourcesBuildPhase section */

/* Begin PBXTargetDependency section */
		CF0F568727EF5B0000749AFA /* PBXTargetDependency */ = {
			isa = PBXTargetDependency;
			target = CF0F566E27EF5AFF00749AFA /* BarakaStockMarket */;
			targetProxy = CF0F568627EF5B0000749AFA /* PBXContainerItemProxy */;
		};
		CF0F569227EF5B0000749AFA /* PBXTargetDependency */ = {
			isa = PBXTargetDependency;
			target = CF0F566E27EF5AFF00749AFA /* BarakaStockMarket */;
			targetProxy = CF0F569127EF5B0000749AFA /* PBXContainerItemProxy */;
		};
/* End PBXTargetDependency section */

/* Begin PBXVariantGroup section */
		CF0F567827EF5AFF00749AFA /* Main.storyboard */ = {
			isa = PBXVariantGroup;
			children = (
				CF0F567927EF5AFF00749AFA /* Base */,
			);
			name = Main.storyboard;
			sourceTree = "<group>";
		};
		CF0F567D27EF5B0000749AFA /* LaunchScreen.storyboard */ = {
			isa = PBXVariantGroup;
			children = (
				CF0F567E27EF5B0000749AFA /* Base */,
			);
			name = LaunchScreen.storyboard;
			sourceTree = "<group>";
		};
/* End PBXVariantGroup section */

/* Begin XCBuildConfiguration section */
		CF0F569727EF5B0000749AFA /* Debug */ = {
			isa = XCBuildConfiguration;
			buildSettings = {
				ALWAYS_SEARCH_USER_PATHS = NO;
				CLANG_ANALYZER_NONNULL = YES;
				CLANG_ANALYZER_NUMBER_OBJECT_CONVERSION = YES_AGGRESSIVE;
				CLANG_CXX_LANGUAGE_STANDARD = "gnu++14";
				CLANG_CXX_LIBRARY = "libc++";
				CLANG_ENABLE_MODULES = YES;
				CLANG_ENABLE_OBJC_ARC = YES;
				CLANG_ENABLE_OBJC_WEAK = YES;
				CLANG_WARN_BLOCK_CAPTURE_AUTORELEASING = YES;
				CLANG_WARN_BOOL_CONVERSION = YES;
				CLANG_WARN_COMMA = YES;
				CLANG_WARN_CONSTANT_CONVERSION = YES;
				CLANG_WARN_DEPRECATED_OBJC_IMPLEMENTATIONS = YES;
				CLANG_WARN_DIRECT_OBJC_ISA_USAGE = YES_ERROR;
				CLANG_WARN_DOCUMENTATION_COMMENTS = YES;
				CLANG_WARN_EMPTY_BODY = YES;
				CLANG_WARN_ENUM_CONVERSION = YES;
				CLANG_WARN_INFINITE_RECURSION = YES;
				CLANG_WARN_INT_CONVERSION = YES;
				CLANG_WARN_NON_LITERAL_NULL_CONVERSION = YES;
				CLANG_WARN_OBJC_IMPLICIT_RETAIN_SELF = YES;
				CLANG_WARN_OBJC_LITERAL_CONVERSION = YES;
				CLANG_WARN_OBJC_ROOT_CLASS = YES_ERROR;
				CLANG_WARN_QUOTED_INCLUDE_IN_FRAMEWORK_HEADER = YES;
				CLANG_WARN_RANGE_LOOP_ANALYSIS = YES;
				CLANG_WARN_STRICT_PROTOTYPES = YES;
				CLANG_WARN_SUSPICIOUS_MOVE = YES;
				CLANG_WARN_UNGUARDED_AVAILABILITY = YES_AGGRESSIVE;
				CLANG_WARN_UNREACHABLE_CODE = YES;
				CLANG_WARN__DUPLICATE_METHOD_MATCH = YES;
				COPY_PHASE_STRIP = NO;
				DEBUG_INFORMATION_FORMAT = dwarf;
				ENABLE_STRICT_OBJC_MSGSEND = YES;
				ENABLE_TESTABILITY = YES;
				GCC_C_LANGUAGE_STANDARD = gnu11;
				GCC_DYNAMIC_NO_PIC = NO;
				GCC_NO_COMMON_BLOCKS = YES;
				GCC_OPTIMIZATION_LEVEL = 0;
				GCC_PREPROCESSOR_DEFINITIONS = (
					"DEBUG=1",
					"$(inherited)",
				);
				GCC_WARN_64_TO_32_BIT_CONVERSION = YES;
				GCC_WARN_ABOUT_RETURN_TYPE = YES_ERROR;
				GCC_WARN_UNDECLARED_SELECTOR = YES;
				GCC_WARN_UNINITIALIZED_AUTOS = YES_AGGRESSIVE;
				GCC_WARN_UNUSED_FUNCTION = YES;
				GCC_WARN_UNUSED_VARIABLE = YES;
				IPHONEOS_DEPLOYMENT_TARGET = 14.5;
				MTL_ENABLE_DEBUG_INFO = INCLUDE_SOURCE;
				MTL_FAST_MATH = YES;
				ONLY_ACTIVE_ARCH = YES;
				SDKROOT = iphoneos;
				SWIFT_ACTIVE_COMPILATION_CONDITIONS = DEBUG;
				SWIFT_OPTIMIZATION_LEVEL = "-Onone";
			};
			name = Debug;
		};
		CF0F569827EF5B0000749AFA /* Release */ = {
			isa = XCBuildConfiguration;
			buildSettings = {
				ALWAYS_SEARCH_USER_PATHS = NO;
				CLANG_ANALYZER_NONNULL = YES;
				CLANG_ANALYZER_NUMBER_OBJECT_CONVERSION = YES_AGGRESSIVE;
				CLANG_CXX_LANGUAGE_STANDARD = "gnu++14";
				CLANG_CXX_LIBRARY = "libc++";
				CLANG_ENABLE_MODULES = YES;
				CLANG_ENABLE_OBJC_ARC = YES;
				CLANG_ENABLE_OBJC_WEAK = YES;
				CLANG_WARN_BLOCK_CAPTURE_AUTORELEASING = YES;
				CLANG_WARN_BOOL_CONVERSION = YES;
				CLANG_WARN_COMMA = YES;
				CLANG_WARN_CONSTANT_CONVERSION = YES;
				CLANG_WARN_DEPRECATED_OBJC_IMPLEMENTATIONS = YES;
				CLANG_WARN_DIRECT_OBJC_ISA_USAGE = YES_ERROR;
				CLANG_WARN_DOCUMENTATION_COMMENTS = YES;
				CLANG_WARN_EMPTY_BODY = YES;
				CLANG_WARN_ENUM_CONVERSION = YES;
				CLANG_WARN_INFINITE_RECURSION = YES;
				CLANG_WARN_INT_CONVERSION = YES;
				CLANG_WARN_NON_LITERAL_NULL_CONVERSION = YES;
				CLANG_WARN_OBJC_IMPLICIT_RETAIN_SELF = YES;
				CLANG_WARN_OBJC_LITERAL_CONVERSION = YES;
				CLANG_WARN_OBJC_ROOT_CLASS = YES_ERROR;
				CLANG_WARN_QUOTED_INCLUDE_IN_FRAMEWORK_HEADER = YES;
				CLANG_WARN_RANGE_LOOP_ANALYSIS = YES;
				CLANG_WARN_STRICT_PROTOTYPES = YES;
				CLANG_WARN_SUSPICIOUS_MOVE = YES;
				CLANG_WARN_UNGUARDED_AVAILABILITY = YES_AGGRESSIVE;
				CLANG_WARN_UNREACHABLE_CODE = YES;
				CLANG_WARN__DUPLICATE_METHOD_MATCH = YES;
				COPY_PHASE_STRIP = NO;
				DEBUG_INFORMATION_FORMAT = "dwarf-with-dsym";
				ENABLE_NS_ASSERTIONS = NO;
				ENABLE_STRICT_OBJC_MSGSEND = YES;
				GCC_C_LANGUAGE_STANDARD = gnu11;
				GCC_NO_COMMON_BLOCKS = YES;
				GCC_WARN_64_TO_32_BIT_CONVERSION = YES;
				GCC_WARN_ABOUT_RETURN_TYPE = YES_ERROR;
				GCC_WARN_UNDECLARED_SELECTOR = YES;
				GCC_WARN_UNINITIALIZED_AUTOS = YES_AGGRESSIVE;
				GCC_WARN_UNUSED_FUNCTION = YES;
				GCC_WARN_UNUSED_VARIABLE = YES;
				IPHONEOS_DEPLOYMENT_TARGET = 14.5;
				MTL_ENABLE_DEBUG_INFO = NO;
				MTL_FAST_MATH = YES;
				SDKROOT = iphoneos;
				SWIFT_COMPILATION_MODE = wholemodule;
				SWIFT_OPTIMIZATION_LEVEL = "-O";
				VALIDATE_PRODUCT = YES;
			};
			name = Release;
		};
		CF0F569A27EF5B0000749AFA /* Debug */ = {
			isa = XCBuildConfiguration;
			buildSettings = {
				ASSETCATALOG_COMPILER_APPICON_NAME = AppIcon;
				ASSETCATALOG_COMPILER_GLOBAL_ACCENT_COLOR_NAME = AccentColor;
				CODE_SIGN_STYLE = Automatic;
				INFOPLIST_FILE = BarakaStockMarket/Info.plist;
				LD_RUNPATH_SEARCH_PATHS = (
					"$(inherited)",
					"@executable_path/Frameworks",
				);
				PRODUCT_BUNDLE_IDENTIFIER = "Amr-Magdy.BarakaStockMarket";
				PRODUCT_NAME = "$(TARGET_NAME)";
				SWIFT_VERSION = 5.0;
				TARGETED_DEVICE_FAMILY = 1;
			};
			name = Debug;
		};
		CF0F569B27EF5B0000749AFA /* Release */ = {
			isa = XCBuildConfiguration;
			buildSettings = {
				ASSETCATALOG_COMPILER_APPICON_NAME = AppIcon;
				ASSETCATALOG_COMPILER_GLOBAL_ACCENT_COLOR_NAME = AccentColor;
				CODE_SIGN_STYLE = Automatic;
				INFOPLIST_FILE = BarakaStockMarket/Info.plist;
				LD_RUNPATH_SEARCH_PATHS = (
					"$(inherited)",
					"@executable_path/Frameworks",
				);
				PRODUCT_BUNDLE_IDENTIFIER = "Amr-Magdy.BarakaStockMarket";
				PRODUCT_NAME = "$(TARGET_NAME)";
				SWIFT_VERSION = 5.0;
				TARGETED_DEVICE_FAMILY = 1;
			};
			name = Release;
		};
		CF0F569D27EF5B0000749AFA /* Debug */ = {
			isa = XCBuildConfiguration;
			buildSettings = {
				ALWAYS_EMBED_SWIFT_STANDARD_LIBRARIES = YES;
				BUNDLE_LOADER = "$(TEST_HOST)";
				CODE_SIGN_STYLE = Automatic;
				INFOPLIST_FILE = BarakaStockMarketTests/Info.plist;
				IPHONEOS_DEPLOYMENT_TARGET = 14.5;
				LD_RUNPATH_SEARCH_PATHS = (
					"$(inherited)",
					"@executable_path/Frameworks",
					"@loader_path/Frameworks",
				);
				PRODUCT_BUNDLE_IDENTIFIER = "Amr-Magdy.BarakaStockMarketTests";
				PRODUCT_NAME = "$(TARGET_NAME)";
				SWIFT_VERSION = 5.0;
				TARGETED_DEVICE_FAMILY = "1,2";
				TEST_HOST = "$(BUILT_PRODUCTS_DIR)/BarakaStockMarket.app/BarakaStockMarket";
			};
			name = Debug;
		};
		CF0F569E27EF5B0000749AFA /* Release */ = {
			isa = XCBuildConfiguration;
			buildSettings = {
				ALWAYS_EMBED_SWIFT_STANDARD_LIBRARIES = YES;
				BUNDLE_LOADER = "$(TEST_HOST)";
				CODE_SIGN_STYLE = Automatic;
				INFOPLIST_FILE = BarakaStockMarketTests/Info.plist;
				IPHONEOS_DEPLOYMENT_TARGET = 14.5;
				LD_RUNPATH_SEARCH_PATHS = (
					"$(inherited)",
					"@executable_path/Frameworks",
					"@loader_path/Frameworks",
				);
				PRODUCT_BUNDLE_IDENTIFIER = "Amr-Magdy.BarakaStockMarketTests";
				PRODUCT_NAME = "$(TARGET_NAME)";
				SWIFT_VERSION = 5.0;
				TARGETED_DEVICE_FAMILY = "1,2";
				TEST_HOST = "$(BUILT_PRODUCTS_DIR)/BarakaStockMarket.app/BarakaStockMarket";
			};
			name = Release;
		};
		CF0F56A027EF5B0000749AFA /* Debug */ = {
			isa = XCBuildConfiguration;
			buildSettings = {
				ALWAYS_EMBED_SWIFT_STANDARD_LIBRARIES = YES;
				CODE_SIGN_STYLE = Automatic;
				INFOPLIST_FILE = BarakaStockMarketUITests/Info.plist;
				LD_RUNPATH_SEARCH_PATHS = (
					"$(inherited)",
					"@executable_path/Frameworks",
					"@loader_path/Frameworks",
				);
				PRODUCT_BUNDLE_IDENTIFIER = "Amr-Magdy.BarakaStockMarketUITests";
				PRODUCT_NAME = "$(TARGET_NAME)";
				SWIFT_VERSION = 5.0;
				TARGETED_DEVICE_FAMILY = "1,2";
				TEST_TARGET_NAME = BarakaStockMarket;
			};
			name = Debug;
		};
		CF0F56A127EF5B0000749AFA /* Release */ = {
			isa = XCBuildConfiguration;
			buildSettings = {
				ALWAYS_EMBED_SWIFT_STANDARD_LIBRARIES = YES;
				CODE_SIGN_STYLE = Automatic;
				INFOPLIST_FILE = BarakaStockMarketUITests/Info.plist;
				LD_RUNPATH_SEARCH_PATHS = (
					"$(inherited)",
					"@executable_path/Frameworks",
					"@loader_path/Frameworks",
				);
				PRODUCT_BUNDLE_IDENTIFIER = "Amr-Magdy.BarakaStockMarketUITests";
				PRODUCT_NAME = "$(TARGET_NAME)";
				SWIFT_VERSION = 5.0;
				TARGETED_DEVICE_FAMILY = "1,2";
				TEST_TARGET_NAME = BarakaStockMarket;
			};
			name = Release;
		};
/* End XCBuildConfiguration section */

/* Begin XCConfigurationList section */
		CF0F566A27EF5AFF00749AFA /* Build configuration list for PBXProject "BarakaStockMarket" */ = {
			isa = XCConfigurationList;
			buildConfigurations = (
				CF0F569727EF5B0000749AFA /* Debug */,
				CF0F569827EF5B0000749AFA /* Release */,
			);
			defaultConfigurationIsVisible = 0;
			defaultConfigurationName = Release;
		};
		CF0F569927EF5B0000749AFA /* Build configuration list for PBXNativeTarget "BarakaStockMarket" */ = {
			isa = XCConfigurationList;
			buildConfigurations = (
				CF0F569A27EF5B0000749AFA /* Debug */,
				CF0F569B27EF5B0000749AFA /* Release */,
			);
			defaultConfigurationIsVisible = 0;
			defaultConfigurationName = Release;
		};
		CF0F569C27EF5B0000749AFA /* Build configuration list for PBXNativeTarget "BarakaStockMarketTests" */ = {
			isa = XCConfigurationList;
			buildConfigurations = (
				CF0F569D27EF5B0000749AFA /* Debug */,
				CF0F569E27EF5B0000749AFA /* Release */,
			);
			defaultConfigurationIsVisible = 0;
			defaultConfigurationName = Release;
		};
		CF0F569F27EF5B0000749AFA /* Build configuration list for PBXNativeTarget "BarakaStockMarketUITests" */ = {
			isa = XCConfigurationList;
			buildConfigurations = (
				CF0F56A027EF5B0000749AFA /* Debug */,
				CF0F56A127EF5B0000749AFA /* Release */,
			);
			defaultConfigurationIsVisible = 0;
			defaultConfigurationName = Release;
		};
/* End XCConfigurationList section */

/* Begin XCRemoteSwiftPackageReference section */
		CF0F56B027EF665B00749AFA /* XCRemoteSwiftPackageReference "RxSwift" */ = {
			isa = XCRemoteSwiftPackageReference;
			repositoryURL = "https://github.com/ReactiveX/RxSwift.git";
			requirement = {
				kind = upToNextMajorVersion;
				minimumVersion = 6.5.0;
			};
		};
		CFDBE88D27EFA5D900FC01E8 /* XCRemoteSwiftPackageReference "Swinject" */ = {
			isa = XCRemoteSwiftPackageReference;
			repositoryURL = "https://github.com/Swinject/Swinject.git";
			requirement = {
				kind = upToNextMajorVersion;
				minimumVersion = 2.8.1;
			};
		};
		CFDBE89227EFAA1500FC01E8 /* XCRemoteSwiftPackageReference "Alamofire" */ = {
			isa = XCRemoteSwiftPackageReference;
			repositoryURL = "https://github.com/Alamofire/Alamofire.git";
			requirement = {
				kind = upToNextMajorVersion;
				minimumVersion = 5.4.0;
			};
		};
		CFDBE8A027F1113700FC01E8 /* XCRemoteSwiftPackageReference "SwiftCSV" */ = {
			isa = XCRemoteSwiftPackageReference;
			repositoryURL = "https://github.com/swiftcsv/SwiftCSV.git";
			requirement = {
				kind = upToNextMajorVersion;
				minimumVersion = 0.6.1;
			};
		};
		CFDBE8A827F22FFD00FC01E8 /* XCRemoteSwiftPackageReference "RxDataSources" */ = {
			isa = XCRemoteSwiftPackageReference;
			repositoryURL = "https://github.com/RxSwiftCommunity/RxDataSources.git";
			requirement = {
				kind = upToNextMajorVersion;
				minimumVersion = 5.0.2;
			};
		};
		CFDBE8AD27F244E900FC01E8 /* XCRemoteSwiftPackageReference "Kingfisher" */ = {
			isa = XCRemoteSwiftPackageReference;
			repositoryURL = "https://github.com/onevcat/Kingfisher.git";
			requirement = {
				kind = upToNextMajorVersion;
				minimumVersion = 7.2.0;
			};
		};
/* End XCRemoteSwiftPackageReference section */

/* Begin XCSwiftPackageProductDependency section */
		CF0F56B127EF665B00749AFA /* RxRelay */ = {
			isa = XCSwiftPackageProductDependency;
			package = CF0F56B027EF665B00749AFA /* XCRemoteSwiftPackageReference "RxSwift" */;
			productName = RxRelay;
		};
		CF0F56B327EF665B00749AFA /* RxCocoa */ = {
			isa = XCSwiftPackageProductDependency;
			package = CF0F56B027EF665B00749AFA /* XCRemoteSwiftPackageReference "RxSwift" */;
			productName = RxCocoa;
		};
		CF0F56B527EF665B00749AFA /* RxSwift */ = {
			isa = XCSwiftPackageProductDependency;
			package = CF0F56B027EF665B00749AFA /* XCRemoteSwiftPackageReference "RxSwift" */;
			productName = RxSwift;
		};
		CFDBE88E27EFA5D900FC01E8 /* Swinject */ = {
			isa = XCSwiftPackageProductDependency;
			package = CFDBE88D27EFA5D900FC01E8 /* XCRemoteSwiftPackageReference "Swinject" */;
			productName = Swinject;
		};
		CFDBE89327EFAA1500FC01E8 /* Alamofire */ = {
			isa = XCSwiftPackageProductDependency;
			package = CFDBE89227EFAA1500FC01E8 /* XCRemoteSwiftPackageReference "Alamofire" */;
			productName = Alamofire;
		};
		CFDBE8A127F1113700FC01E8 /* SwiftCSV */ = {
			isa = XCSwiftPackageProductDependency;
			package = CFDBE8A027F1113700FC01E8 /* XCRemoteSwiftPackageReference "SwiftCSV" */;
			productName = SwiftCSV;
		};
		CFDBE8A927F22FFD00FC01E8 /* RxDataSources */ = {
			isa = XCSwiftPackageProductDependency;
			package = CFDBE8A827F22FFD00FC01E8 /* XCRemoteSwiftPackageReference "RxDataSources" */;
			productName = RxDataSources;
		};
		CFDBE8AB27F22FFD00FC01E8 /* Differentiator */ = {
			isa = XCSwiftPackageProductDependency;
			package = CFDBE8A827F22FFD00FC01E8 /* XCRemoteSwiftPackageReference "RxDataSources" */;
			productName = Differentiator;
		};
		CFDBE8AE27F244E900FC01E8 /* Kingfisher */ = {
			isa = XCSwiftPackageProductDependency;
			package = CFDBE8AD27F244E900FC01E8 /* XCRemoteSwiftPackageReference "Kingfisher" */;
			productName = Kingfisher;
		};
/* End XCSwiftPackageProductDependency section */
	};
	rootObject = CF0F566727EF5AFF00749AFA /* Project object */;
}
